{
  "nodes": {
    "flake-compat": {
      "flake": false,
      "locked": {
        "lastModified": 1627913399,
        "narHash": "sha256-hY8g6H2KFL8ownSiFeMOjwPC8P0ueXpCVEbxgda3pko=",
        "owner": "edolstra",
        "repo": "flake-compat",
        "rev": "12c64ca55c1014cdc1b16ed5a804aa8576601ff2",
        "type": "github"
      },
      "original": {
        "owner": "edolstra",
        "repo": "flake-compat",
        "type": "github"
      }
    },
    "flake-utils": {
      "locked": {
        "lastModified": 1631561581,
        "narHash": "sha256-3VQMV5zvxaVLvqqUrNz3iJelLw30mIVSfZmAaauM3dA=",
        "owner": "numtide",
        "repo": "flake-utils",
        "rev": "7e5bf3925f6fbdfaf50a2a7ca0be2879c4261d19",
        "type": "github"
      },
      "original": {
        "owner": "numtide",
        "repo": "flake-utils",
        "type": "github"
      }
    },
    "nixpkgs": {
      "locked": {
        "lastModified": 1632589674,
        "narHash": "sha256-QQuXromHBOHeQiadgwiMs5gdkFnriX6Q5K6dUI3oicE=",
        "owner": "nixos",
        "repo": "nixpkgs",
        "rev": "9f371831e260c28324f268b7e55938b5d19da901",
        "type": "github"
      },
      "original": {
        "owner": "nixos",
        "ref": "release-21.05",
        "repo": "nixpkgs",
        "type": "github"
      }
    },
    "pylatex_src": {
      "flake": false,
      "locked": {
        "lastModified": 1625904937,
        "narHash": "sha256-am+dAiyOWJ9M55/lsgMpkypk3sdFRtQFR0CMFWih5Yc=",
        "owner": "JelteF",
        "repo": "PyLaTeX",
        "rev": "1a73261b771ae15afbb3ca5f06d4ba61328f1c62",
        "type": "github"
      },
      "original": {
        "owner": "JelteF",
        "repo": "PyLaTeX",
        "type": "github"
      }
    },
    "root": {
      "inputs": {
        "flake-compat": "flake-compat",
        "flake-utils": "flake-utils",
        "nixpkgs": "nixpkgs",
        "pylatex_src": "pylatex_src"
      }
    }
  },
  "root": "root",
  "version": 7
}
